
Microsoft Visual Studio Solution File, Format Version 12.00
Project("{FAE04EC0-301F-11D3-BF4B-00C04F79EFBC}") = "ExcelReader", "ExcelReader\ExcelReader.csproj", "{015AEBF2-8AC3-467E-BD63-38EF66BF85BA}"
EndProject
Global
	GlobalSection(SolutionConfigurationPlatforms) = preSolution
		Debug|Any CPU = Debug|Any CPU
		Release|Any CPU = Release|Any CPU
	EndGlobalSection
	GlobalSection(ProjectConfigurationPlatforms) = postSolution
		{015AEBF2-8AC3-467E-BD63-38EF66BF85BA}.Debug|Any CPU.ActiveCfg = Debug|Any CPU
		{015AEBF2-8AC3-467E-BD63-38EF66BF85BA}.Debug|Any CPU.Build.0 = Debug|Any CPU
		{015AEBF2-8AC3-467E-BD63-38EF66BF85BA}.Release|Any CPU.ActiveCfg = Release|Any CPU
		{015AEBF2-8AC3-467E-BD63-38EF66BF85BA}.Release|Any CPU.Build.0 = Release|Any CPU
	EndGlobalSection
EndGlobal
